
Microsoft Visual Studio Solution File, Format Version 12.00
# Visual Studio Version 17
VisualStudioVersion = 17.0.31423.177
MinimumVisualStudioVersion = 10.0.40219.1
Project("{9A19103F-16F7-4668-BE54-9A1E7A4F7556}") = "RestWithAspNet5", "RestWithAspNet5\RestWithAspNet5.csproj", "{3A383E68-8758-4A9B-8FCD-C34CA1E15F93}"
EndProject
Project("{E53339B2-1760-4266-BCC7-CA923CBCF16C}") = "docker-compose", "docker-compose.dcproj", "{0A902716-FFBF-492A-82E4-FB0D3AE74636}"
EndProject
Global
	GlobalSection(SolutionConfigurationPlatforms) = preSolution
		Debug|Any CPU = Debug|Any CPU
		Release|Any CPU = Release|Any CPU
	EndGlobalSection
	GlobalSection(ProjectConfigurationPlatforms) = postSolution
		{3A383E68-8758-4A9B-8FCD-C34CA1E15F93}.Debug|Any CPU.ActiveCfg = Debug|Any CPU
		{3A383E68-8758-4A9B-8FCD-C34CA1E15F93}.Debug|Any CPU.Build.0 = Debug|Any CPU
		{3A383E68-8758-4A9B-8FCD-C34CA1E15F93}.Release|Any CPU.ActiveCfg = Release|Any CPU
		{3A383E68-8758-4A9B-8FCD-C34CA1E15F93}.Release|Any CPU.Build.0 = Release|Any CPU
		{0A902716-FFBF-492A-82E4-FB0D3AE74636}.Debug|Any CPU.ActiveCfg = Debug|Any CPU
		{0A902716-FFBF-492A-82E4-FB0D3AE74636}.Debug|Any CPU.Build.0 = Debug|Any CPU
		{0A902716-FFBF-492A-82E4-FB0D3AE74636}.Release|Any CPU.ActiveCfg = Release|Any CPU
		{0A902716-FFBF-492A-82E4-FB0D3AE74636}.Release|Any CPU.Build.0 = Release|Any CPU
	EndGlobalSection
	GlobalSection(SolutionProperties) = preSolution
		HideSolutionNode = FALSE
	EndGlobalSection
	GlobalSection(ExtensibilityGlobals) = postSolution
		SolutionGuid = {1CF34189-AFAA-4A89-9997-55BA145BE815}
	EndGlobalSection
EndGlobal
